
Microsoft Visual Studio Solution File, Format Version 12.00
# Visual Studio 14
VisualStudioVersion = 14.0.25420.1
MinimumVisualStudioVersion = 10.0.40219.1
Project("{FAE04EC0-301F-11D3-BF4B-00C04F79EFBC}") = "Config.Net", "Config.Net\Config.Net.csproj", "{F2E2B471-05C9-45AC-8493-55119D1C2D10}"
EndProject
Project("{FAE04EC0-301F-11D3-BF4B-00C04F79EFBC}") = "Config.Net.Azure", "Config.Net.Azure\Config.Net.Azure.csproj", "{65DB9CD8-FB0E-48CE-B636-AA59CE3961A3}"
EndProject
Project("{2150E333-8FDC-42A3-9474-1A3956D46DE8}") = "Solution Items", "Solution Items", "{F2107671-5DC0-48C0-ABE8-D80ACDC5D7D2}"
	ProjectSection(SolutionItems) = preProject
		..\config.net.azure.nuspec = ..\config.net.azure.nuspec
		..\config.net.nuspec = ..\config.net.nuspec
		..\pack.cmd = ..\pack.cmd
		..\README.markdown = ..\README.markdown
		..\README.v1.markdown = ..\README.v1.markdown
	EndProjectSection
EndProject
Project("{FAE04EC0-301F-11D3-BF4B-00C04F79EFBC}") = "Config.Net.Tests", "Config.Net.Tests\Config.Net.Tests.csproj", "{235C1C44-8D19-41E8-9A84-F39AED818A0D}"
EndProject
Project("{2150E333-8FDC-42A3-9474-1A3956D46DE8}") = "doc", "doc", "{CDB02CCC-51F3-4777-A942-6F2E1DB3FD0B}"
	ProjectSection(SolutionItems) = preProject
		..\doc\Stores_AppConfig.md = ..\doc\Stores_AppConfig.md
		..\doc\Stores_EnvironmentVariables.md = ..\doc\Stores_EnvironmentVariables.md
		..\doc\Stores_IniFile.md = ..\doc\Stores_IniFile.md
		..\doc\Stores_InMemory.md = ..\doc\Stores_InMemory.md
	EndProjectSection
EndProject
Global
	GlobalSection(SolutionConfigurationPlatforms) = preSolution
		Debug|Any CPU = Debug|Any CPU
		Release|Any CPU = Release|Any CPU
	EndGlobalSection
	GlobalSection(ProjectConfigurationPlatforms) = postSolution
		{F2E2B471-05C9-45AC-8493-55119D1C2D10}.Debug|Any CPU.ActiveCfg = Debug|Any CPU
		{F2E2B471-05C9-45AC-8493-55119D1C2D10}.Debug|Any CPU.Build.0 = Debug|Any CPU
		{F2E2B471-05C9-45AC-8493-55119D1C2D10}.Release|Any CPU.ActiveCfg = Release|Any CPU
		{F2E2B471-05C9-45AC-8493-55119D1C2D10}.Release|Any CPU.Build.0 = Release|Any CPU
		{65DB9CD8-FB0E-48CE-B636-AA59CE3961A3}.Debug|Any CPU.ActiveCfg = Debug|Any CPU
		{65DB9CD8-FB0E-48CE-B636-AA59CE3961A3}.Debug|Any CPU.Build.0 = Debug|Any CPU
		{65DB9CD8-FB0E-48CE-B636-AA59CE3961A3}.Release|Any CPU.ActiveCfg = Release|Any CPU
		{65DB9CD8-FB0E-48CE-B636-AA59CE3961A3}.Release|Any CPU.Build.0 = Release|Any CPU
		{235C1C44-8D19-41E8-9A84-F39AED818A0D}.Debug|Any CPU.ActiveCfg = Debug|Any CPU
		{235C1C44-8D19-41E8-9A84-F39AED818A0D}.Debug|Any CPU.Build.0 = Debug|Any CPU
		{235C1C44-8D19-41E8-9A84-F39AED818A0D}.Release|Any CPU.ActiveCfg = Release|Any CPU
		{235C1C44-8D19-41E8-9A84-F39AED818A0D}.Release|Any CPU.Build.0 = Release|Any CPU
	EndGlobalSection
	GlobalSection(SolutionProperties) = preSolution
		HideSolutionNode = FALSE
	EndGlobalSection
EndGlobal
