
Microsoft Visual Studio Solution File, Format Version 12.00
# Visual Studio 14
VisualStudioVersion = 14.0.23107.0
MinimumVisualStudioVersion = 10.0.40219.1
Project("{FAE04EC0-301F-11D3-BF4B-00C04F79EFBC}") = "Config.Net", "Config.Net\Config.Net.csproj", "{F2E2B471-05C9-45AC-8493-55119D1C2D10}"
EndProject
Project("{FAE04EC0-301F-11D3-BF4B-00C04F79EFBC}") = "Config.Net.Azure", "Config.Net.Azure\Config.Net.Azure.csproj", "{65DB9CD8-FB0E-48CE-B636-AA59CE3961A3}"
EndProject
Global
	GlobalSection(SolutionConfigurationPlatforms) = preSolution
		Debug|Any CPU = Debug|Any CPU
		Release|Any CPU = Release|Any CPU
	EndGlobalSection
	GlobalSection(ProjectConfigurationPlatforms) = postSolution
		{F2E2B471-05C9-45AC-8493-55119D1C2D10}.Debug|Any CPU.ActiveCfg = Debug|Any CPU
		{F2E2B471-05C9-45AC-8493-55119D1C2D10}.Debug|Any CPU.Build.0 = Debug|Any CPU
		{F2E2B471-05C9-45AC-8493-55119D1C2D10}.Release|Any CPU.ActiveCfg = Release|Any CPU
		{F2E2B471-05C9-45AC-8493-55119D1C2D10}.Release|Any CPU.Build.0 = Release|Any CPU
		{65DB9CD8-FB0E-48CE-B636-AA59CE3961A3}.Debug|Any CPU.ActiveCfg = Debug|Any CPU
		{65DB9CD8-FB0E-48CE-B636-AA59CE3961A3}.Debug|Any CPU.Build.0 = Debug|Any CPU
		{65DB9CD8-FB0E-48CE-B636-AA59CE3961A3}.Release|Any CPU.ActiveCfg = Release|Any CPU
		{65DB9CD8-FB0E-48CE-B636-AA59CE3961A3}.Release|Any CPU.Build.0 = Release|Any CPU
	EndGlobalSection
	GlobalSection(SolutionProperties) = preSolution
		HideSolutionNode = FALSE
	EndGlobalSection
EndGlobal
