
Microsoft Visual Studio Solution File, Format Version 12.00
# Visual Studio 15
VisualStudioVersion = 15.0.26430.15
MinimumVisualStudioVersion = 10.0.40219.1
Project("{2150E333-8FDC-42A3-9474-1A3956D46DE8}") = "Solution Items", "Solution Items", "{F2107671-5DC0-48C0-ABE8-D80ACDC5D7D2}"
	ProjectSection(SolutionItems) = preProject
		..\.editorconfig = ..\.editorconfig
		..\appveyor.ps1 = ..\appveyor.ps1
		..\appveyor.yml = ..\appveyor.yml
		..\build.ps1 = ..\build.ps1
		..\pack.cmd = ..\pack.cmd
		..\README.markdown = ..\README.markdown
		..\README.v1.markdown = ..\README.v1.markdown
	EndProjectSection
EndProject
Project("{2150E333-8FDC-42A3-9474-1A3956D46DE8}") = "doc", "doc", "{CDB02CCC-51F3-4777-A942-6F2E1DB3FD0B}"
	ProjectSection(SolutionItems) = preProject
		..\doc\CustomParsers.md = ..\doc\CustomParsers.md
		..\doc\ReleaseNotes.md = ..\doc\ReleaseNotes.md
		..\doc\Stores_AppConfig.md = ..\doc\Stores_AppConfig.md
		..\doc\Stores_Azure.md = ..\doc\Stores_Azure.md
		..\doc\Stores_AzureKeyVault.md = ..\doc\Stores_AzureKeyVault.md
		..\doc\Stores_AzureTable.md = ..\doc\Stores_AzureTable.md
		..\doc\Stores_CommandLine.md = ..\doc\Stores_CommandLine.md
		..\doc\Stores_EnvironmentVariables.md = ..\doc\Stores_EnvironmentVariables.md
		..\doc\Stores_IniFile.md = ..\doc\Stores_IniFile.md
		..\doc\Stores_InMemory.md = ..\doc\Stores_InMemory.md
		..\doc\Stores_JsonFile.md = ..\doc\Stores_JsonFile.md
		..\doc\SupportedTypes.md = ..\doc\SupportedTypes.md
	EndProjectSection
EndProject
Project("{9A19103F-16F7-4668-BE54-9A1E7A4F7556}") = "Config.Net", "Config.Net\Config.Net.csproj", "{C71E3744-1544-47AF-9A7B-E88F6F775975}"
EndProject
Project("{9A19103F-16F7-4668-BE54-9A1E7A4F7556}") = "Config.Net.Tests", "Config.Net.Tests\Config.Net.Tests.csproj", "{7DEA3E81-9D00-4030-A16F-D1D54650FCCB}"
EndProject
Project("{9A19103F-16F7-4668-BE54-9A1E7A4F7556}") = "Config.Net.Integration.Storage.Net", "Config.Net.Integration.Storage.Net\Config.Net.Integration.Storage.Net.csproj", "{8E1E0BA4-84EE-4DFC-ABEA-E0F4A641C33C}"
EndProject
Project("{FAE04EC0-301F-11D3-BF4B-00C04F79EFBC}") = "Config.Net.Runner", "Config.Net.Runner\Config.Net.Runner.csproj", "{F45D116C-90A2-4316-A601-5FE7BAE34D84}"
EndProject
Global
	GlobalSection(SolutionConfigurationPlatforms) = preSolution
		Debug|Any CPU = Debug|Any CPU
		Release|Any CPU = Release|Any CPU
	EndGlobalSection
	GlobalSection(ProjectConfigurationPlatforms) = postSolution
		{C71E3744-1544-47AF-9A7B-E88F6F775975}.Debug|Any CPU.ActiveCfg = Debug|Any CPU
		{C71E3744-1544-47AF-9A7B-E88F6F775975}.Debug|Any CPU.Build.0 = Debug|Any CPU
		{C71E3744-1544-47AF-9A7B-E88F6F775975}.Release|Any CPU.ActiveCfg = Release|Any CPU
		{C71E3744-1544-47AF-9A7B-E88F6F775975}.Release|Any CPU.Build.0 = Release|Any CPU
		{7DEA3E81-9D00-4030-A16F-D1D54650FCCB}.Debug|Any CPU.ActiveCfg = Debug|Any CPU
		{7DEA3E81-9D00-4030-A16F-D1D54650FCCB}.Debug|Any CPU.Build.0 = Debug|Any CPU
		{7DEA3E81-9D00-4030-A16F-D1D54650FCCB}.Release|Any CPU.ActiveCfg = Release|Any CPU
		{7DEA3E81-9D00-4030-A16F-D1D54650FCCB}.Release|Any CPU.Build.0 = Release|Any CPU
		{8E1E0BA4-84EE-4DFC-ABEA-E0F4A641C33C}.Debug|Any CPU.ActiveCfg = Debug|Any CPU
		{8E1E0BA4-84EE-4DFC-ABEA-E0F4A641C33C}.Debug|Any CPU.Build.0 = Debug|Any CPU
		{8E1E0BA4-84EE-4DFC-ABEA-E0F4A641C33C}.Release|Any CPU.ActiveCfg = Release|Any CPU
		{8E1E0BA4-84EE-4DFC-ABEA-E0F4A641C33C}.Release|Any CPU.Build.0 = Release|Any CPU
		{F45D116C-90A2-4316-A601-5FE7BAE34D84}.Debug|Any CPU.ActiveCfg = Debug|Any CPU
		{F45D116C-90A2-4316-A601-5FE7BAE34D84}.Debug|Any CPU.Build.0 = Debug|Any CPU
		{F45D116C-90A2-4316-A601-5FE7BAE34D84}.Release|Any CPU.ActiveCfg = Release|Any CPU
		{F45D116C-90A2-4316-A601-5FE7BAE34D84}.Release|Any CPU.Build.0 = Release|Any CPU
	EndGlobalSection
	GlobalSection(SolutionProperties) = preSolution
		HideSolutionNode = FALSE
	EndGlobalSection
EndGlobal
